{
  "name": "design",
  "lockfileVersion": 3,
  "requires": true,
  "packages": {
    "": {
      "dependencies": {
        "animate.css": "^4.1.1",
        "jquery.flipster": "^1.1.5"
      }
    },
    "node_modules/animate.css": {
      "version": "4.1.1",
      "resolved": "https://registry.npmjs.org/animate.css/-/animate.css-4.1.1.tgz",
      "integrity": "sha512-+mRmCTv6SbCmtYJCN4faJMNFVNN5EuCTTprDTAo7YzIGji2KADmakjVA3+8mVDkZ2Bf09vayB35lSQIex2+QaQ=="
    },
    "node_modules/jquery.flipster": {
      "version": "1.1.5",
      "resolved": "https://registry.npmjs.org/jquery.flipster/-/jquery.flipster-1.1.5.tgz",
      "integrity": "sha512-wJBjNz7My1AnRLxZHG3WFRaK2H36jWUW2z6ErLQcP1YNzSBxmWR0GjiN2/PiAzbBvNayRctkS++RGFlRiBV10Q=="
    }
  }
}
